
Microsoft Visual Studio Solution File, Format Version 12.00
# Visual Studio Version 17
VisualStudioVersion = 17.0.31903.59
MinimumVisualStudioVersion = 10.0.40219.1
Project("{2150E333-8FDC-42A3-9474-1A3956D46DE8}") = "src", "src", "{827E0CD3-B72D-47B6-A68D-7590B98EB39B}"
EndProject
Project("{FAE04EC0-301F-11D3-BF4B-00C04F79EFBC}") = "AgentAssist.Domain", "src\AgentAssist.Domain\AgentAssist.Domain.csproj", "{95F5C938-D1F4-4B30-8813-0F147F3B5F11}"
EndProject
Project("{FAE04EC0-301F-11D3-BF4B-00C04F79EFBC}") = "AgentAssist.Application", "src\AgentAssist.Application\AgentAssist.Application.csproj", "{BF41E797-25BD-4DB2-82D6-8CC4D1F7BDEA}"
EndProject
Project("{FAE04EC0-301F-11D3-BF4B-00C04F79EFBC}") = "AgentAssist.Infrastructure", "src\AgentAssist.Infrastructure\AgentAssist.Infrastructure.csproj", "{72EBB98D-F625-4EF6-8E12-80A614A160F6}"
EndProject
Project("{FAE04EC0-301F-11D3-BF4B-00C04F79EFBC}") = "AgentAssist.Api", "src\AgentAssist.Api\AgentAssist.Api.csproj", "{4E1C9F95-83AA-4E5B-AB39-E5BF03DB93CE}"
EndProject
Project("{2150E333-8FDC-42A3-9474-1A3956D46DE8}") = "tests", "tests", "{0AB3BF05-4346-4AA6-1389-037BE0695223}"
EndProject
Project("{FAE04EC0-301F-11D3-BF4B-00C04F79EFBC}") = "AgentAssist.Domain.UnitTests", "tests\AgentAssist.Domain.UnitTests\AgentAssist.Domain.UnitTests.csproj", "{34B97C8E-458F-4104-86A0-0412183C84A7}"
EndProject
Project("{FAE04EC0-301F-11D3-BF4B-00C04F79EFBC}") = "AgentAssist.Application.UnitTests", "tests\AgentAssist.Application.UnitTests\AgentAssist.Application.UnitTests.csproj", "{82C9FCEA-DC82-41DD-BD71-430CC7FFDBAB}"
EndProject
Project("{FAE04EC0-301F-11D3-BF4B-00C04F79EFBC}") = "AgentAssist.Infrastructure.UnitTests", "tests\AgentAssist.Infrastructure.UnitTests\AgentAssist.Infrastructure.UnitTests.csproj", "{D0A1CF39-7510-492B-A9E5-3B4E3F949704}"
EndProject
Project("{FAE04EC0-301F-11D3-BF4B-00C04F79EFBC}") = "AgentAssist.Api.IntegrationTests", "tests\AgentAssist.Api.IntegrationTests\AgentAssist.Api.IntegrationTests.csproj", "{5F82B69D-BC22-47EC-81AA-90375D2A197B}"
EndProject
Project("{FAE04EC0-301F-11D3-BF4B-00C04F79EFBC}") = "AgentAssist.Architecture.Tests", "tests\AgentAssist.Architecture.Tests\AgentAssist.Architecture.Tests.csproj", "{497F495F-BE58-4C18-9AF1-94D150A31FFA}"
EndProject
Project("{FAE04EC0-301F-11D3-BF4B-00C04F79EFBC}") = "AgentAssist.Infrastructure.IntegrationTests", "tests\AgentAssist.Infrastructure.IntegrationTests\AgentAssist.Infrastructure.IntegrationTests.csproj", "{B18B9720-31CC-4BEE-8D98-2E1D92BE7A5E}"
EndProject
Project("{FAE04EC0-301F-11D3-BF4B-00C04F79EFBC}") = "AgentAssist.Evaluation.Tests", "tests\AgentAssist.Evaluation.Tests\AgentAssist.Evaluation.Tests.csproj", "{6897D68A-7D47-41BD-92B8-813F8EB19FA2}"
EndProject
Project("{FAE04EC0-301F-11D3-BF4B-00C04F79EFBC}") = "AgentAssist.Testing", "tests\AgentAssist.Testing\AgentAssist.Testing.csproj", "{F2931965-996D-4E12-9AB4-DACE516D19AC}"
EndProject
Global
	GlobalSection(SolutionConfigurationPlatforms) = preSolution
		Debug|Any CPU = Debug|Any CPU
		Debug|x64 = Debug|x64
		Debug|x86 = Debug|x86
		Release|Any CPU = Release|Any CPU
		Release|x64 = Release|x64
		Release|x86 = Release|x86
	EndGlobalSection
	GlobalSection(ProjectConfigurationPlatforms) = postSolution
		{95F5C938-D1F4-4B30-8813-0F147F3B5F11}.Debug|Any CPU.ActiveCfg = Debug|Any CPU
		{95F5C938-D1F4-4B30-8813-0F147F3B5F11}.Debug|Any CPU.Build.0 = Debug|Any CPU
		{95F5C938-D1F4-4B30-8813-0F147F3B5F11}.Debug|x64.ActiveCfg = Debug|Any CPU
		{95F5C938-D1F4-4B30-8813-0F147F3B5F11}.Debug|x64.Build.0 = Debug|Any CPU
		{95F5C938-D1F4-4B30-8813-0F147F3B5F11}.Debug|x86.ActiveCfg = Debug|Any CPU
		{95F5C938-D1F4-4B30-8813-0F147F3B5F11}.Debug|x86.Build.0 = Debug|Any CPU
		{95F5C938-D1F4-4B30-8813-0F147F3B5F11}.Release|Any CPU.ActiveCfg = Release|Any CPU
		{95F5C938-D1F4-4B30-8813-0F147F3B5F11}.Release|Any CPU.Build.0 = Release|Any CPU
		{95F5C938-D1F4-4B30-8813-0F147F3B5F11}.Release|x64.ActiveCfg = Release|Any CPU
		{95F5C938-D1F4-4B30-8813-0F147F3B5F11}.Release|x64.Build.0 = Release|Any CPU
		{95F5C938-D1F4-4B30-8813-0F147F3B5F11}.Release|x86.ActiveCfg = Release|Any CPU
		{95F5C938-D1F4-4B30-8813-0F147F3B5F11}.Release|x86.Build.0 = Release|Any CPU
		{BF41E797-25BD-4DB2-82D6-8CC4D1F7BDEA}.Debug|Any CPU.ActiveCfg = Debug|Any CPU
		{BF41E797-25BD-4DB2-82D6-8CC4D1F7BDEA}.Debug|Any CPU.Build.0 = Debug|Any CPU
		{BF41E797-25BD-4DB2-82D6-8CC4D1F7BDEA}.Debug|x64.ActiveCfg = Debug|Any CPU
		{BF41E797-25BD-4DB2-82D6-8CC4D1F7BDEA}.Debug|x64.Build.0 = Debug|Any CPU
		{BF41E797-25BD-4DB2-82D6-8CC4D1F7BDEA}.Debug|x86.ActiveCfg = Debug|Any CPU
		{BF41E797-25BD-4DB2-82D6-8CC4D1F7BDEA}.Debug|x86.Build.0 = Debug|Any CPU
		{BF41E797-25BD-4DB2-82D6-8CC4D1F7BDEA}.Release|Any CPU.ActiveCfg = Release|Any CPU
		{BF41E797-25BD-4DB2-82D6-8CC4D1F7BDEA}.Release|Any CPU.Build.0 = Release|Any CPU
		{BF41E797-25BD-4DB2-82D6-8CC4D1F7BDEA}.Release|x64.ActiveCfg = Release|Any CPU
		{BF41E797-25BD-4DB2-82D6-8CC4D1F7BDEA}.Release|x64.Build.0 = Release|Any CPU
		{BF41E797-25BD-4DB2-82D6-8CC4D1F7BDEA}.Release|x86.ActiveCfg = Release|Any CPU
		{BF41E797-25BD-4DB2-82D6-8CC4D1F7BDEA}.Release|x86.Build.0 = Release|Any CPU
		{72EBB98D-F625-4EF6-8E12-80A614A160F6}.Debug|Any CPU.ActiveCfg = Debug|Any CPU
		{72EBB98D-F625-4EF6-8E12-80A614A160F6}.Debug|Any CPU.Build.0 = Debug|Any CPU
		{72EBB98D-F625-4EF6-8E12-80A614A160F6}.Debug|x64.ActiveCfg = Debug|Any CPU
		{72EBB98D-F625-4EF6-8E12-80A614A160F6}.Debug|x64.Build.0 = Debug|Any CPU
		{72EBB98D-F625-4EF6-8E12-80A614A160F6}.Debug|x86.ActiveCfg = Debug|Any CPU
		{72EBB98D-F625-4EF6-8E12-80A614A160F6}.Debug|x86.Build.0 = Debug|Any CPU
		{72EBB98D-F625-4EF6-8E12-80A614A160F6}.Release|Any CPU.ActiveCfg = Release|Any CPU
		{72EBB98D-F625-4EF6-8E12-80A614A160F6}.Release|Any CPU.Build.0 = Release|Any CPU
		{72EBB98D-F625-4EF6-8E12-80A614A160F6}.Release|x64.ActiveCfg = Release|Any CPU
		{72EBB98D-F625-4EF6-8E12-80A614A160F6}.Release|x64.Build.0 = Release|Any CPU
		{72EBB98D-F625-4EF6-8E12-80A614A160F6}.Release|x86.ActiveCfg = Release|Any CPU
		{72EBB98D-F625-4EF6-8E12-80A614A160F6}.Release|x86.Build.0 = Release|Any CPU
		{4E1C9F95-83AA-4E5B-AB39-E5BF03DB93CE}.Debug|Any CPU.ActiveCfg = Debug|Any CPU
		{4E1C9F95-83AA-4E5B-AB39-E5BF03DB93CE}.Debug|Any CPU.Build.0 = Debug|Any CPU
		{4E1C9F95-83AA-4E5B-AB39-E5BF03DB93CE}.Debug|x64.ActiveCfg = Debug|Any CPU
		{4E1C9F95-83AA-4E5B-AB39-E5BF03DB93CE}.Debug|x64.Build.0 = Debug|Any CPU
		{4E1C9F95-83AA-4E5B-AB39-E5BF03DB93CE}.Debug|x86.ActiveCfg = Debug|Any CPU
		{4E1C9F95-83AA-4E5B-AB39-E5BF03DB93CE}.Debug|x86.Build.0 = Debug|Any CPU
		{4E1C9F95-83AA-4E5B-AB39-E5BF03DB93CE}.Release|Any CPU.ActiveCfg = Release|Any CPU
		{4E1C9F95-83AA-4E5B-AB39-E5BF03DB93CE}.Release|Any CPU.Build.0 = Release|Any CPU
		{4E1C9F95-83AA-4E5B-AB39-E5BF03DB93CE}.Release|x64.ActiveCfg = Release|Any CPU
		{4E1C9F95-83AA-4E5B-AB39-E5BF03DB93CE}.Release|x64.Build.0 = Release|Any CPU
		{4E1C9F95-83AA-4E5B-AB39-E5BF03DB93CE}.Release|x86.ActiveCfg = Release|Any CPU
		{4E1C9F95-83AA-4E5B-AB39-E5BF03DB93CE}.Release|x86.Build.0 = Release|Any CPU
		{34B97C8E-458F-4104-86A0-0412183C84A7}.Debug|Any CPU.ActiveCfg = Debug|Any CPU
		{34B97C8E-458F-4104-86A0-0412183C84A7}.Debug|Any CPU.Build.0 = Debug|Any CPU
		{34B97C8E-458F-4104-86A0-0412183C84A7}.Debug|x64.ActiveCfg = Debug|Any CPU
		{34B97C8E-458F-4104-86A0-0412183C84A7}.Debug|x64.Build.0 = Debug|Any CPU
		{34B97C8E-458F-4104-86A0-0412183C84A7}.Debug|x86.ActiveCfg = Debug|Any CPU
		{34B97C8E-458F-4104-86A0-0412183C84A7}.Debug|x86.Build.0 = Debug|Any CPU
		{34B97C8E-458F-4104-86A0-0412183C84A7}.Release|Any CPU.ActiveCfg = Release|Any CPU
		{34B97C8E-458F-4104-86A0-0412183C84A7}.Release|Any CPU.Build.0 = Release|Any CPU
		{34B97C8E-458F-4104-86A0-0412183C84A7}.Release|x64.ActiveCfg = Release|Any CPU
		{34B97C8E-458F-4104-86A0-0412183C84A7}.Release|x64.Build.0 = Release|Any CPU
		{34B97C8E-458F-4104-86A0-0412183C84A7}.Release|x86.ActiveCfg = Release|Any CPU
		{34B97C8E-458F-4104-86A0-0412183C84A7}.Release|x86.Build.0 = Release|Any CPU
		{82C9FCEA-DC82-41DD-BD71-430CC7FFDBAB}.Debug|Any CPU.ActiveCfg = Debug|Any CPU
		{82C9FCEA-DC82-41DD-BD71-430CC7FFDBAB}.Debug|Any CPU.Build.0 = Debug|Any CPU
		{82C9FCEA-DC82-41DD-BD71-430CC7FFDBAB}.Debug|x64.ActiveCfg = Debug|Any CPU
		{82C9FCEA-DC82-41DD-BD71-430CC7FFDBAB}.Debug|x64.Build.0 = Debug|Any CPU
		{82C9FCEA-DC82-41DD-BD71-430CC7FFDBAB}.Debug|x86.ActiveCfg = Debug|Any CPU
		{82C9FCEA-DC82-41DD-BD71-430CC7FFDBAB}.Debug|x86.Build.0 = Debug|Any CPU
		{82C9FCEA-DC82-41DD-BD71-430CC7FFDBAB}.Release|Any CPU.ActiveCfg = Release|Any CPU
		{82C9FCEA-DC82-41DD-BD71-430CC7FFDBAB}.Release|Any CPU.Build.0 = Release|Any CPU
		{82C9FCEA-DC82-41DD-BD71-430CC7FFDBAB}.Release|x64.ActiveCfg = Release|Any CPU
		{82C9FCEA-DC82-41DD-BD71-430CC7FFDBAB}.Release|x64.Build.0 = Release|Any CPU
		{82C9FCEA-DC82-41DD-BD71-430CC7FFDBAB}.Release|x86.ActiveCfg = Release|Any CPU
		{82C9FCEA-DC82-41DD-BD71-430CC7FFDBAB}.Release|x86.Build.0 = Release|Any CPU
		{D0A1CF39-7510-492B-A9E5-3B4E3F949704}.Debug|Any CPU.ActiveCfg = Debug|Any CPU
		{D0A1CF39-7510-492B-A9E5-3B4E3F949704}.Debug|Any CPU.Build.0 = Debug|Any CPU
		{D0A1CF39-7510-492B-A9E5-3B4E3F949704}.Debug|x64.ActiveCfg = Debug|Any CPU
		{D0A1CF39-7510-492B-A9E5-3B4E3F949704}.Debug|x64.Build.0 = Debug|Any CPU
		{D0A1CF39-7510-492B-A9E5-3B4E3F949704}.Debug|x86.ActiveCfg = Debug|Any CPU
		{D0A1CF39-7510-492B-A9E5-3B4E3F949704}.Debug|x86.Build.0 = Debug|Any CPU
		{D0A1CF39-7510-492B-A9E5-3B4E3F949704}.Release|Any CPU.ActiveCfg = Release|Any CPU
		{D0A1CF39-7510-492B-A9E5-3B4E3F949704}.Release|Any CPU.Build.0 = Release|Any CPU
		{D0A1CF39-7510-492B-A9E5-3B4E3F949704}.Release|x64.ActiveCfg = Release|Any CPU
		{D0A1CF39-7510-492B-A9E5-3B4E3F949704}.Release|x64.Build.0 = Release|Any CPU
		{D0A1CF39-7510-492B-A9E5-3B4E3F949704}.Release|x86.ActiveCfg = Release|Any CPU
		{D0A1CF39-7510-492B-A9E5-3B4E3F949704}.Release|x86.Build.0 = Release|Any CPU
		{5F82B69D-BC22-47EC-81AA-90375D2A197B}.Debug|Any CPU.ActiveCfg = Debug|Any CPU
		{5F82B69D-BC22-47EC-81AA-90375D2A197B}.Debug|Any CPU.Build.0 = Debug|Any CPU
		{5F82B69D-BC22-47EC-81AA-90375D2A197B}.Debug|x64.ActiveCfg = Debug|Any CPU
		{5F82B69D-BC22-47EC-81AA-90375D2A197B}.Debug|x64.Build.0 = Debug|Any CPU
		{5F82B69D-BC22-47EC-81AA-90375D2A197B}.Debug|x86.ActiveCfg = Debug|Any CPU
		{5F82B69D-BC22-47EC-81AA-90375D2A197B}.Debug|x86.Build.0 = Debug|Any CPU
		{5F82B69D-BC22-47EC-81AA-90375D2A197B}.Release|Any CPU.ActiveCfg = Release|Any CPU
		{5F82B69D-BC22-47EC-81AA-90375D2A197B}.Release|Any CPU.Build.0 = Release|Any CPU
		{5F82B69D-BC22-47EC-81AA-90375D2A197B}.Release|x64.ActiveCfg = Release|Any CPU
		{5F82B69D-BC22-47EC-81AA-90375D2A197B}.Release|x64.Build.0 = Release|Any CPU
		{5F82B69D-BC22-47EC-81AA-90375D2A197B}.Release|x86.ActiveCfg = Release|Any CPU
		{5F82B69D-BC22-47EC-81AA-90375D2A197B}.Release|x86.Build.0 = Release|Any CPU
		{497F495F-BE58-4C18-9AF1-94D150A31FFA}.Debug|Any CPU.ActiveCfg = Debug|Any CPU
		{497F495F-BE58-4C18-9AF1-94D150A31FFA}.Debug|Any CPU.Build.0 = Debug|Any CPU
		{497F495F-BE58-4C18-9AF1-94D150A31FFA}.Debug|x64.ActiveCfg = Debug|Any CPU
		{497F495F-BE58-4C18-9AF1-94D150A31FFA}.Debug|x64.Build.0 = Debug|Any CPU
		{497F495F-BE58-4C18-9AF1-94D150A31FFA}.Debug|x86.ActiveCfg = Debug|Any CPU
		{497F495F-BE58-4C18-9AF1-94D150A31FFA}.Debug|x86.Build.0 = Debug|Any CPU
		{497F495F-BE58-4C18-9AF1-94D150A31FFA}.Release|Any CPU.ActiveCfg = Release|Any CPU
		{497F495F-BE58-4C18-9AF1-94D150A31FFA}.Release|Any CPU.Build.0 = Release|Any CPU
		{497F495F-BE58-4C18-9AF1-94D150A31FFA}.Release|x64.ActiveCfg = Release|Any CPU
		{497F495F-BE58-4C18-9AF1-94D150A31FFA}.Release|x64.Build.0 = Release|Any CPU
		{497F495F-BE58-4C18-9AF1-94D150A31FFA}.Release|x86.ActiveCfg = Release|Any CPU
		{497F495F-BE58-4C18-9AF1-94D150A31FFA}.Release|x86.Build.0 = Release|Any CPU
		{B18B9720-31CC-4BEE-8D98-2E1D92BE7A5E}.Debug|Any CPU.ActiveCfg = Debug|Any CPU
		{B18B9720-31CC-4BEE-8D98-2E1D92BE7A5E}.Debug|Any CPU.Build.0 = Debug|Any CPU
		{B18B9720-31CC-4BEE-8D98-2E1D92BE7A5E}.Debug|x64.ActiveCfg = Debug|Any CPU
		{B18B9720-31CC-4BEE-8D98-2E1D92BE7A5E}.Debug|x64.Build.0 = Debug|Any CPU
		{B18B9720-31CC-4BEE-8D98-2E1D92BE7A5E}.Debug|x86.ActiveCfg = Debug|Any CPU
		{B18B9720-31CC-4BEE-8D98-2E1D92BE7A5E}.Debug|x86.Build.0 = Debug|Any CPU
		{B18B9720-31CC-4BEE-8D98-2E1D92BE7A5E}.Release|Any CPU.ActiveCfg = Release|Any CPU
		{B18B9720-31CC-4BEE-8D98-2E1D92BE7A5E}.Release|Any CPU.Build.0 = Release|Any CPU
		{B18B9720-31CC-4BEE-8D98-2E1D92BE7A5E}.Release|x64.ActiveCfg = Release|Any CPU
		{B18B9720-31CC-4BEE-8D98-2E1D92BE7A5E}.Release|x64.Build.0 = Release|Any CPU
		{B18B9720-31CC-4BEE-8D98-2E1D92BE7A5E}.Release|x86.ActiveCfg = Release|Any CPU
		{B18B9720-31CC-4BEE-8D98-2E1D92BE7A5E}.Release|x86.Build.0 = Release|Any CPU
		{6897D68A-7D47-41BD-92B8-813F8EB19FA2}.Debug|Any CPU.ActiveCfg = Debug|Any CPU
		{6897D68A-7D47-41BD-92B8-813F8EB19FA2}.Debug|Any CPU.Build.0 = Debug|Any CPU
		{6897D68A-7D47-41BD-92B8-813F8EB19FA2}.Debug|x64.ActiveCfg = Debug|Any CPU
		{6897D68A-7D47-41BD-92B8-813F8EB19FA2}.Debug|x64.Build.0 = Debug|Any CPU
		{6897D68A-7D47-41BD-92B8-813F8EB19FA2}.Debug|x86.ActiveCfg = Debug|Any CPU
		{6897D68A-7D47-41BD-92B8-813F8EB19FA2}.Debug|x86.Build.0 = Debug|Any CPU
		{6897D68A-7D47-41BD-92B8-813F8EB19FA2}.Release|Any CPU.ActiveCfg = Release|Any CPU
		{6897D68A-7D47-41BD-92B8-813F8EB19FA2}.Release|Any CPU.Build.0 = Release|Any CPU
		{6897D68A-7D47-41BD-92B8-813F8EB19FA2}.Release|x64.ActiveCfg = Release|Any CPU
		{6897D68A-7D47-41BD-92B8-813F8EB19FA2}.Release|x64.Build.0 = Release|Any CPU
		{6897D68A-7D47-41BD-92B8-813F8EB19FA2}.Release|x86.ActiveCfg = Release|Any CPU
		{6897D68A-7D47-41BD-92B8-813F8EB19FA2}.Release|x86.Build.0 = Release|Any CPU
		{F2931965-996D-4E12-9AB4-DACE516D19AC}.Debug|Any CPU.ActiveCfg = Debug|Any CPU
		{F2931965-996D-4E12-9AB4-DACE516D19AC}.Debug|Any CPU.Build.0 = Debug|Any CPU
		{F2931965-996D-4E12-9AB4-DACE516D19AC}.Debug|x64.ActiveCfg = Debug|Any CPU
		{F2931965-996D-4E12-9AB4-DACE516D19AC}.Debug|x64.Build.0 = Debug|Any CPU
		{F2931965-996D-4E12-9AB4-DACE516D19AC}.Debug|x86.ActiveCfg = Debug|Any CPU
		{F2931965-996D-4E12-9AB4-DACE516D19AC}.Debug|x86.Build.0 = Debug|Any CPU
		{F2931965-996D-4E12-9AB4-DACE516D19AC}.Release|Any CPU.ActiveCfg = Release|Any CPU
		{F2931965-996D-4E12-9AB4-DACE516D19AC}.Release|Any CPU.Build.0 = Release|Any CPU
		{F2931965-996D-4E12-9AB4-DACE516D19AC}.Release|x64.ActiveCfg = Release|Any CPU
		{F2931965-996D-4E12-9AB4-DACE516D19AC}.Release|x64.Build.0 = Release|Any CPU
		{F2931965-996D-4E12-9AB4-DACE516D19AC}.Release|x86.ActiveCfg = Release|Any CPU
		{F2931965-996D-4E12-9AB4-DACE516D19AC}.Release|x86.Build.0 = Release|Any CPU
	EndGlobalSection
	GlobalSection(SolutionProperties) = preSolution
		HideSolutionNode = FALSE
	EndGlobalSection
	GlobalSection(NestedProjects) = preSolution
		{95F5C938-D1F4-4B30-8813-0F147F3B5F11} = {827E0CD3-B72D-47B6-A68D-7590B98EB39B}
		{BF41E797-25BD-4DB2-82D6-8CC4D1F7BDEA} = {827E0CD3-B72D-47B6-A68D-7590B98EB39B}
		{72EBB98D-F625-4EF6-8E12-80A614A160F6} = {827E0CD3-B72D-47B6-A68D-7590B98EB39B}
		{4E1C9F95-83AA-4E5B-AB39-E5BF03DB93CE} = {827E0CD3-B72D-47B6-A68D-7590B98EB39B}
		{34B97C8E-458F-4104-86A0-0412183C84A7} = {0AB3BF05-4346-4AA6-1389-037BE0695223}
		{82C9FCEA-DC82-41DD-BD71-430CC7FFDBAB} = {0AB3BF05-4346-4AA6-1389-037BE0695223}
		{D0A1CF39-7510-492B-A9E5-3B4E3F949704} = {0AB3BF05-4346-4AA6-1389-037BE0695223}
		{5F82B69D-BC22-47EC-81AA-90375D2A197B} = {0AB3BF05-4346-4AA6-1389-037BE0695223}
		{497F495F-BE58-4C18-9AF1-94D150A31FFA} = {0AB3BF05-4346-4AA6-1389-037BE0695223}
		{B18B9720-31CC-4BEE-8D98-2E1D92BE7A5E} = {0AB3BF05-4346-4AA6-1389-037BE0695223}
		{6897D68A-7D47-41BD-92B8-813F8EB19FA2} = {0AB3BF05-4346-4AA6-1389-037BE0695223}
		{F2931965-996D-4E12-9AB4-DACE516D19AC} = {0AB3BF05-4346-4AA6-1389-037BE0695223}
	EndGlobalSection
EndGlobal
